# This file is automatically @generated by Poetry 1.8.2 and should not be changed by hand.

[[package]]
name = "invoke"
version = "2.2.0"
description = "Pythonic task execution"
optional = false
python-versions = ">=3.6"
files = [
    {file = "invoke-2.2.0-py3-none-any.whl", hash = "sha256:6ea924cc53d4f78e3d98bc436b08069a03077e6f85ad1ddaa8a116d7dad15820"},
    {file = "invoke-2.2.0.tar.gz", hash = "sha256:ee6cbb101af1a859c7fe84f2a264c059020b0cb7fe3535f9424300ab568f6bd5"},
]

[metadata]
lock-version = "2.0"
python-versions = "^3.8"
content-hash = "0d12a69c5c7e1c2e29bb55a3790386408e9e53d9fa5b8efa4ef01b8b2380c8d8"
